// !$*UTF8*$!
{
	archiveVersion = 1;
	classes = {
	};
	objectVersion = 45;
	objects = {

/* Begin PBXBuildFile section */
		8C18C3DB13BFA33C007F60D5 /* NSStringAdditions.m in Sources */ = {isa = PBXBuildFile; fileRef = 8C18C3DA13BFA33C007F60D5 /* NSStringAdditions.m */; };
		8C18C3F013BFA45D007F60D5 /* NSStringAdditions.m in Sources */ = {isa = PBXBuildFile; fileRef = 8C18C3DA13BFA33C007F60D5 /* NSStringAdditions.m */; };
		8C18C42B13BFA960007F60D5 /* TabDetectionTests.m in Sources */ = {isa = PBXBuildFile; fileRef = 8C18C42A13BFA960007F60D5 /* TabDetectionTests.m */; };
		8C18C43313BFAA3C007F60D5 /* FileBasedTests.m in Sources */ = {isa = PBXBuildFile; fileRef = 8C18C43213BFAA3C007F60D5 /* FileBasedTests.m */; };
		8C18C45A13BFBB77007F60D5 /* FileTests in Resources */ = {isa = PBXBuildFile; fileRef = 8C18C45813BFBB77007F60D5 /* FileTests */; };
		8C7D57B213BAF0AB0081406A /* TMAutoTabs.m in Sources */ = {isa = PBXBuildFile; fileRef = 8C7D57B113BAF0AB0081406A /* TMAutoTabs.m */; };
		8CD2EE0313BD11AA0079327B /* TextView.m in Sources */ = {isa = PBXBuildFile; fileRef = 8CD2EE0213BD11AA0079327B /* TextView.m */; };
		8CD2EF8713BD1DBB0079327B /* JRSwizzle.m in Sources */ = {isa = PBXBuildFile; fileRef = 8CD2EF5013BD1DAD0079327B /* JRSwizzle.m */; };
		8D5B49B4048680CD000E48DA /* Cocoa.framework in Frameworks */ = {isa = PBXBuildFile; fileRef = 1058C7ADFEA557BF11CA2CBB /* Cocoa.framework */; };
/* End PBXBuildFile section */

/* Begin PBXFileReference section */
		089C1672FE841209C02AAC07 /* Foundation.framework */ = {isa = PBXFileReference; lastKnownFileType = wrapper.framework; name = Foundation.framework; path = /System/Library/Frameworks/Foundation.framework; sourceTree = "<absolute>"; };
		089C167FFE841241C02AAC07 /* AppKit.framework */ = {isa = PBXFileReference; lastKnownFileType = wrapper.framework; name = AppKit.framework; path = /System/Library/Frameworks/AppKit.framework; sourceTree = "<absolute>"; };
		1058C7ADFEA557BF11CA2CBB /* Cocoa.framework */ = {isa = PBXFileReference; lastKnownFileType = wrapper.framework; name = Cocoa.framework; path = /System/Library/Frameworks/Cocoa.framework; sourceTree = "<absolute>"; };
		32DBCF630370AF2F00C91783 /* TMAutoTabs_Prefix.pch */ = {isa = PBXFileReference; fileEncoding = 4; lastKnownFileType = sourcecode.c.h; path = TMAutoTabs_Prefix.pch; sourceTree = "<group>"; };
		8C18C37F13BF9239007F60D5 /* AutoTabsTest.octest */ = {isa = PBXFileReference; explicitFileType = wrapper.cfbundle; includeInIndex = 0; path = AutoTabsTest.octest; sourceTree = BUILT_PRODUCTS_DIR; };
		8C18C38013BF9239007F60D5 /* AutoTabsTest-Info.plist */ = {isa = PBXFileReference; lastKnownFileType = text.plist.xml; path = "AutoTabsTest-Info.plist"; sourceTree = "<group>"; };
		8C18C3D913BFA33C007F60D5 /* NSStringAdditions.h */ = {isa = PBXFileReference; fileEncoding = 4; lastKnownFileType = sourcecode.c.h; path = NSStringAdditions.h; sourceTree = "<group>"; };
		8C18C3DA13BFA33C007F60D5 /* NSStringAdditions.m */ = {isa = PBXFileReference; fileEncoding = 4; lastKnownFileType = sourcecode.c.objc; path = NSStringAdditions.m; sourceTree = "<group>"; };
		8C18C42A13BFA960007F60D5 /* TabDetectionTests.m */ = {isa = PBXFileReference; fileEncoding = 4; lastKnownFileType = sourcecode.c.objc; path = TabDetectionTests.m; sourceTree = "<group>"; };
		8C18C43213BFAA3C007F60D5 /* FileBasedTests.m */ = {isa = PBXFileReference; fileEncoding = 4; lastKnownFileType = sourcecode.c.objc; path = FileBasedTests.m; sourceTree = "<group>"; };
		8C18C45813BFBB77007F60D5 /* FileTests */ = {isa = PBXFileReference; lastKnownFileType = folder; path = FileTests; sourceTree = "<group>"; };
		8C7D57B113BAF0AB0081406A /* TMAutoTabs.m */ = {isa = PBXFileReference; fileEncoding = 4; lastKnownFileType = sourcecode.c.objc; path = TMAutoTabs.m; sourceTree = "<group>"; };
		8CD2EE0113BD11AA0079327B /* TextView.h */ = {isa = PBXFileReference; fileEncoding = 4; lastKnownFileType = sourcecode.c.h; path = TextView.h; sourceTree = "<group>"; };
		8CD2EE0213BD11AA0079327B /* TextView.m */ = {isa = PBXFileReference; fileEncoding = 4; lastKnownFileType = sourcecode.c.objc; path = TextView.m; sourceTree = "<group>"; };
		8CD2EF4F13BD1DAD0079327B /* JRSwizzle.h */ = {isa = PBXFileReference; fileEncoding = 4; lastKnownFileType = sourcecode.c.h; path = JRSwizzle.h; sourceTree = "<group>"; };
		8CD2EF5013BD1DAD0079327B /* JRSwizzle.m */ = {isa = PBXFileReference; fileEncoding = 4; lastKnownFileType = sourcecode.c.objc; path = JRSwizzle.m; sourceTree = "<group>"; };
		8CD2EF6613BD1DAD0079327B /* SwizzleMacros.h */ = {isa = PBXFileReference; fileEncoding = 4; lastKnownFileType = sourcecode.c.h; path = SwizzleMacros.h; sourceTree = "<group>"; };
		8CD2EF9313BD20690079327B /* README.md */ = {isa = PBXFileReference; fileEncoding = 4; lastKnownFileType = text; path = README.md; sourceTree = "<group>"; };
		8D5B49B6048680CD000E48DA /* TMAutoTabs.tmplugin */ = {isa = PBXFileReference; explicitFileType = wrapper.cfbundle; includeInIndex = 0; path = TMAutoTabs.tmplugin; sourceTree = BUILT_PRODUCTS_DIR; };
		8D5B49B7048680CD000E48DA /* Info.plist */ = {isa = PBXFileReference; fileEncoding = 4; lastKnownFileType = text.plist.xml; path = Info.plist; sourceTree = "<group>"; };
		D2F7E65807B2D6F200F64583 /* CoreData.framework */ = {isa = PBXFileReference; lastKnownFileType = wrapper.framework; name = CoreData.framework; path = /System/Library/Frameworks/CoreData.framework; sourceTree = "<absolute>"; };
/* End PBXFileReference section */

/* Begin PBXFrameworksBuildPhase section */
		8C18C37C13BF9239007F60D5 /* Frameworks */ = {
			isa = PBXFrameworksBuildPhase;
			buildActionMask = 2147483647;
			files = (
			);
			runOnlyForDeploymentPostprocessing = 0;
		};
		8D5B49B3048680CD000E48DA /* Frameworks */ = {
			isa = PBXFrameworksBuildPhase;
			buildActionMask = 2147483647;
			files = (
				8D5B49B4048680CD000E48DA /* Cocoa.framework in Frameworks */,
			);
			runOnlyForDeploymentPostprocessing = 0;
		};
/* End PBXFrameworksBuildPhase section */

/* Begin PBXGroup section */
		089C166AFE841209C02AAC07 /* TMAutoTabs */ = {
			isa = PBXGroup;
			children = (
				8CD2EF9313BD20690079327B /* README.md */,
				08FB77AFFE84173DC02AAC07 /* Classes */,
				32C88E010371C26100C91783 /* Other Sources */,
				089C167CFE841241C02AAC07 /* Resources */,
				8C18C3B313BF92E8007F60D5 /* Testing */,
				089C1671FE841209C02AAC07 /* Frameworks and Libraries */,
				19C28FB8FE9D52D311CA2CBB /* Products */,
			);
			name = TMAutoTabs;
			sourceTree = "<group>";
		};
		089C1671FE841209C02AAC07 /* Frameworks and Libraries */ = {
			isa = PBXGroup;
			children = (
				1058C7ACFEA557BF11CA2CBB /* Linked Frameworks */,
				1058C7AEFEA557BF11CA2CBB /* Other Frameworks */,
			);
			name = "Frameworks and Libraries";
			sourceTree = "<group>";
		};
		089C167CFE841241C02AAC07 /* Resources */ = {
			isa = PBXGroup;
			children = (
				8D5B49B7048680CD000E48DA /* Info.plist */,
			);
			name = Resources;
			sourceTree = "<group>";
		};
		08FB77AFFE84173DC02AAC07 /* Classes */ = {
			isa = PBXGroup;
			children = (
				8C7D57B113BAF0AB0081406A /* TMAutoTabs.m */,
				8CD2EE0113BD11AA0079327B /* TextView.h */,
				8CD2EE0213BD11AA0079327B /* TextView.m */,
				8C18C3D913BFA33C007F60D5 /* NSStringAdditions.h */,
				8C18C3DA13BFA33C007F60D5 /* NSStringAdditions.m */,
			);
			name = Classes;
			sourceTree = "<group>";
		};
		1058C7ACFEA557BF11CA2CBB /* Linked Frameworks */ = {
			isa = PBXGroup;
			children = (
				1058C7ADFEA557BF11CA2CBB /* Cocoa.framework */,
			);
			name = "Linked Frameworks";
			sourceTree = "<group>";
		};
		1058C7AEFEA557BF11CA2CBB /* Other Frameworks */ = {
			isa = PBXGroup;
			children = (
				089C167FFE841241C02AAC07 /* AppKit.framework */,
				D2F7E65807B2D6F200F64583 /* CoreData.framework */,
				089C1672FE841209C02AAC07 /* Foundation.framework */,
			);
			name = "Other Frameworks";
			sourceTree = "<group>";
		};
		19C28FB8FE9D52D311CA2CBB /* Products */ = {
			isa = PBXGroup;
			children = (
				8D5B49B6048680CD000E48DA /* TMAutoTabs.tmplugin */,
				8C18C37F13BF9239007F60D5 /* AutoTabsTest.octest */,
			);
			name = Products;
			sourceTree = "<group>";
		};
		32C88E010371C26100C91783 /* Other Sources */ = {
			isa = PBXGroup;
			children = (
				8CD2EF2013BD1DAD0079327B /* JRSwizzle */,
				32DBCF630370AF2F00C91783 /* TMAutoTabs_Prefix.pch */,
			);
			name = "Other Sources";
			sourceTree = "<group>";
		};
		8C18C3B313BF92E8007F60D5 /* Testing */ = {
			isa = PBXGroup;
			children = (
				8C18C42A13BFA960007F60D5 /* TabDetectionTests.m */,
				8C18C43213BFAA3C007F60D5 /* FileBasedTests.m */,
				8C18C45813BFBB77007F60D5 /* FileTests */,
				8C18C38013BF9239007F60D5 /* AutoTabsTest-Info.plist */,
			);
			path = Testing;
			sourceTree = "<group>";
		};
		8CD2EF2013BD1DAD0079327B /* JRSwizzle */ = {
			isa = PBXGroup;
			children = (
				8CD2EF4F13BD1DAD0079327B /* JRSwizzle.h */,
				8CD2EF5013BD1DAD0079327B /* JRSwizzle.m */,
				8CD2EF6613BD1DAD0079327B /* SwizzleMacros.h */,
			);
			path = JRSwizzle;
			sourceTree = "<group>";
		};
/* End PBXGroup section */

/* Begin PBXNativeTarget section */
		8C18C37E13BF9239007F60D5 /* AutoTabsTest */ = {
			isa = PBXNativeTarget;
			buildConfigurationList = 8C18C38413BF923A007F60D5 /* Build configuration list for PBXNativeTarget "AutoTabsTest" */;
			buildPhases = (
				8C18C37A13BF9239007F60D5 /* Resources */,
				8C18C37B13BF9239007F60D5 /* Sources */,
				8C18C37C13BF9239007F60D5 /* Frameworks */,
				8C18C37D13BF9239007F60D5 /* ShellScript */,
			);
			buildRules = (
			);
			dependencies = (
			);
			name = AutoTabsTest;
			productName = AutoTabsTest;
			productReference = 8C18C37F13BF9239007F60D5 /* AutoTabsTest.octest */;
			productType = "com.apple.product-type.bundle";
		};
		8D5B49AC048680CD000E48DA /* TMAutoTabs */ = {
			isa = PBXNativeTarget;
			buildConfigurationList = 1DEB913A08733D840010E9CD /* Build configuration list for PBXNativeTarget "TMAutoTabs" */;
			buildPhases = (
				8D5B49AF048680CD000E48DA /* Resources */,
				8D5B49B1048680CD000E48DA /* Sources */,
				8D5B49B3048680CD000E48DA /* Frameworks */,
				8CDC380C13BEF8CB00E740DF /* Update Symlink */,
			);
			buildRules = (
			);
			dependencies = (
			);
			name = TMAutoTabs;
			productInstallPath = "$(HOME)/Library/Bundles";
			productName = TMAutoTabs;
			productReference = 8D5B49B6048680CD000E48DA /* TMAutoTabs.tmplugin */;
			productType = "com.apple.product-type.bundle";
		};
/* End PBXNativeTarget section */

/* Begin PBXProject section */
		089C1669FE841209C02AAC07 /* Project object */ = {
			isa = PBXProject;
			buildConfigurationList = 1DEB913E08733D840010E9CD /* Build configuration list for PBXProject "TMAutoTabs" */;
			compatibilityVersion = "Xcode 3.1";
			developmentRegion = English;
			hasScannedForEncodings = 1;
			knownRegions = (
				English,
				Japanese,
				French,
				German,
			);
			mainGroup = 089C166AFE841209C02AAC07 /* TMAutoTabs */;
			projectDirPath = "";
			projectRoot = "";
			targets = (
				8D5B49AC048680CD000E48DA /* TMAutoTabs */,
				8C18C37E13BF9239007F60D5 /* AutoTabsTest */,
			);
		};
/* End PBXProject section */

/* Begin PBXResourcesBuildPhase section */
		8C18C37A13BF9239007F60D5 /* Resources */ = {
			isa = PBXResourcesBuildPhase;
			buildActionMask = 2147483647;
			files = (
				8C18C45A13BFBB77007F60D5 /* FileTests in Resources */,
			);
			runOnlyForDeploymentPostprocessing = 0;
		};
		8D5B49AF048680CD000E48DA /* Resources */ = {
			isa = PBXResourcesBuildPhase;
			buildActionMask = 2147483647;
			files = (
			);
			runOnlyForDeploymentPostprocessing = 0;
		};
/* End PBXResourcesBuildPhase section */

/* Begin PBXShellScriptBuildPhase section */
		8C18C37D13BF9239007F60D5 /* ShellScript */ = {
			isa = PBXShellScriptBuildPhase;
			buildActionMask = 2147483647;
			files = (
			);
			inputPaths = (
			);
			outputPaths = (
			);
			runOnlyForDeploymentPostprocessing = 0;
			shellPath = /bin/sh;
			shellScript = "# Run the unit tests in this test bundle.\n\"${SYSTEM_DEVELOPER_DIR}/Tools/RunUnitTests\"\n";
		};
		8CDC380C13BEF8CB00E740DF /* Update Symlink */ = {
			isa = PBXShellScriptBuildPhase;
			buildActionMask = 2147483647;
			files = (
			);
			inputPaths = (
				"$(BUILT_PRODUCTS_DIR)/$(WRAPPER_NAME)",
			);
			name = "Update Symlink";
			outputPaths = (
				"$(INSTALL_PATH)/$(WRAPPER_NAME)",
			);
			runOnlyForDeploymentPostprocessing = 0;
			shellPath = /bin/sh;
			shellScript = "[ -L \"$SCRIPT_OUTPUT_FILE_0\" ] && rm \"$SCRIPT_OUTPUT_FILE_0\"\n\nif [ ! -e \"$SCRIPT_OUTPUT_FILE_0\" ]; then\n\techo ln -s \"$SCRIPT_INPUT_FILE_0\" \"$SCRIPT_OUTPUT_FILE_0\"\n\tln -s \"$SCRIPT_INPUT_FILE_0\" \"$SCRIPT_OUTPUT_FILE_0\"\nelse\n\techo warning: \"$SCRIPT_OUTPUT_FILE_0\" \"exists;\" an older version of $PRODUCT_NAME may be in the way\nfi";
		};
/* End PBXShellScriptBuildPhase section */

/* Begin PBXSourcesBuildPhase section */
		8C18C37B13BF9239007F60D5 /* Sources */ = {
			isa = PBXSourcesBuildPhase;
			buildActionMask = 2147483647;
			files = (
				8C18C3F013BFA45D007F60D5 /* NSStringAdditions.m in Sources */,
				8C18C42B13BFA960007F60D5 /* TabDetectionTests.m in Sources */,
				8C18C43313BFAA3C007F60D5 /* FileBasedTests.m in Sources */,
			);
			runOnlyForDeploymentPostprocessing = 0;
		};
		8D5B49B1048680CD000E48DA /* Sources */ = {
			isa = PBXSourcesBuildPhase;
			buildActionMask = 2147483647;
			files = (
				8C7D57B213BAF0AB0081406A /* TMAutoTabs.m in Sources */,
				8CD2EE0313BD11AA0079327B /* TextView.m in Sources */,
				8CD2EF8713BD1DBB0079327B /* JRSwizzle.m in Sources */,
				8C18C3DB13BFA33C007F60D5 /* NSStringAdditions.m in Sources */,
			);
			runOnlyForDeploymentPostprocessing = 0;
		};
/* End PBXSourcesBuildPhase section */

/* Begin XCBuildConfiguration section */
		1DEB913B08733D840010E9CD /* Debug */ = {
			isa = XCBuildConfiguration;
			buildSettings = {
				ALWAYS_SEARCH_USER_PATHS = NO;
				COPY_PHASE_STRIP = NO;
				GCC_DYNAMIC_NO_PIC = NO;
				GCC_ENABLE_FIX_AND_CONTINUE = YES;
				GCC_MODEL_TUNING = G5;
				GCC_OPTIMIZATION_LEVEL = 0;
				GCC_PRECOMPILE_PREFIX_HEADER = YES;
				GCC_PREFIX_HEADER = TMAutoTabs_Prefix.pch;
				INFOPLIST_FILE = Info.plist;
				INSTALL_PATH = "$(HOME)/Library/Application Support/TextMate/PlugIns";
				PRODUCT_NAME = TMAutoTabs;
				WRAPPER_EXTENSION = tmplugin;
			};
			name = Debug;
		};
		1DEB913C08733D840010E9CD /* Release */ = {
			isa = XCBuildConfiguration;
			buildSettings = {
				ALWAYS_SEARCH_USER_PATHS = NO;
				DEBUG_INFORMATION_FORMAT = "dwarf-with-dsym";
				GCC_MODEL_TUNING = G5;
				GCC_PRECOMPILE_PREFIX_HEADER = YES;
				GCC_PREFIX_HEADER = TMAutoTabs_Prefix.pch;
				INFOPLIST_FILE = Info.plist;
				INSTALL_PATH = "$(HOME)/Library/Application Support/TextMate/PlugIns";
				PRODUCT_NAME = TMAutoTabs;
				WRAPPER_EXTENSION = tmplugin;
			};
			name = Release;
		};
		1DEB913F08733D840010E9CD /* Debug */ = {
			isa = XCBuildConfiguration;
			buildSettings = {
				ARCHS = (
					x86_64,
					i386,
				);
				GCC_C_LANGUAGE_STANDARD = gnu99;
				GCC_OPTIMIZATION_LEVEL = 0;
				GCC_VERSION = com.apple.compilers.llvm.clang.1_0;
				GCC_WARN_ABOUT_RETURN_TYPE = YES;
				GCC_WARN_UNUSED_VARIABLE = YES;
				MACOSX_DEPLOYMENT_TARGET = 10.5;
				ONLY_ACTIVE_ARCH = YES;
				PREBINDING = NO;
				SDKROOT = macosx10.5;
			};
			name = Debug;
		};
		1DEB914008733D840010E9CD /* Release */ = {
			isa = XCBuildConfiguration;
			buildSettings = {
				ARCHS = (
					x86_64,
					i386,
				);
				GCC_C_LANGUAGE_STANDARD = gnu99;
				GCC_VERSION = com.apple.compilers.llvm.clang.1_0;
				GCC_WARN_ABOUT_RETURN_TYPE = YES;
				GCC_WARN_UNUSED_VARIABLE = YES;
				PREBINDING = NO;
				SDKROOT = macosx10.5;
			};
			name = Release;
		};
		8C18C38213BF923A007F60D5 /* Debug */ = {
			isa = XCBuildConfiguration;
			buildSettings = {
				ALWAYS_SEARCH_USER_PATHS = NO;
				COPY_PHASE_STRIP = NO;
				FRAMEWORK_SEARCH_PATHS = "$(DEVELOPER_LIBRARY_DIR)/Frameworks";
				GCC_DYNAMIC_NO_PIC = NO;
				GCC_ENABLE_FIX_AND_CONTINUE = NO;
				GCC_ENABLE_OBJC_EXCEPTIONS = YES;
				GCC_MODEL_TUNING = G5;
				GCC_OPTIMIZATION_LEVEL = 0;
				GCC_PRECOMPILE_PREFIX_HEADER = YES;
				GCC_PREFIX_HEADER = "$(SYSTEM_LIBRARY_DIR)/Frameworks/Cocoa.framework/Headers/Cocoa.h";
				INFOPLIST_FILE = "Testing/AutoTabsTest-Info.plist";
				INSTALL_PATH = "$(USER_LIBRARY_DIR)/Bundles";
				ONLY_ACTIVE_ARCH = NO;
				OTHER_LDFLAGS = (
					"-framework",
					Cocoa,
					"-framework",
					SenTestingKit,
				);
				PREBINDING = NO;
				PRODUCT_NAME = AutoTabsTest;
				SDKROOT = macosx10.6;
				WRAPPER_EXTENSION = octest;
			};
			name = Debug;
		};
		8C18C38313BF923A007F60D5 /* Release */ = {
			isa = XCBuildConfiguration;
			buildSettings = {
				ALWAYS_SEARCH_USER_PATHS = NO;
				COPY_PHASE_STRIP = YES;
				DEBUG_INFORMATION_FORMAT = "dwarf-with-dsym";
				FRAMEWORK_SEARCH_PATHS = "$(DEVELOPER_LIBRARY_DIR)/Frameworks";
				GCC_ENABLE_FIX_AND_CONTINUE = NO;
				GCC_ENABLE_OBJC_EXCEPTIONS = YES;
				GCC_MODEL_TUNING = G5;
				GCC_PRECOMPILE_PREFIX_HEADER = YES;
				GCC_PREFIX_HEADER = "$(SYSTEM_LIBRARY_DIR)/Frameworks/Cocoa.framework/Headers/Cocoa.h";
				INFOPLIST_FILE = "Testing/AutoTabsTest-Info.plist";
				INSTALL_PATH = "$(USER_LIBRARY_DIR)/Bundles";
				ONLY_ACTIVE_ARCH = NO;
				OTHER_LDFLAGS = (
					"-framework",
					Cocoa,
					"-framework",
					SenTestingKit,
				);
				PREBINDING = NO;
				PRODUCT_NAME = AutoTabsTest;
				SDKROOT = macosx10.6;
				WRAPPER_EXTENSION = octest;
				ZERO_LINK = NO;
			};
			name = Release;
		};
/* End XCBuildConfiguration section */

/* Begin XCConfigurationList section */
		1DEB913A08733D840010E9CD /* Build configuration list for PBXNativeTarget "TMAutoTabs" */ = {
			isa = XCConfigurationList;
			buildConfigurations = (
				1DEB913B08733D840010E9CD /* Debug */,
				1DEB913C08733D840010E9CD /* Release */,
			);
			defaultConfigurationIsVisible = 0;
			defaultConfigurationName = Release;
		};
		1DEB913E08733D840010E9CD /* Build configuration list for PBXProject "TMAutoTabs" */ = {
			isa = XCConfigurationList;
			buildConfigurations = (
				1DEB913F08733D840010E9CD /* Debug */,
				1DEB914008733D840010E9CD /* Release */,
			);
			defaultConfigurationIsVisible = 0;
			defaultConfigurationName = Release;
		};
		8C18C38413BF923A007F60D5 /* Build configuration list for PBXNativeTarget "AutoTabsTest" */ = {
			isa = XCConfigurationList;
			buildConfigurations = (
				8C18C38213BF923A007F60D5 /* Debug */,
				8C18C38313BF923A007F60D5 /* Release */,
			);
			defaultConfigurationIsVisible = 0;
			defaultConfigurationName = Release;
		};
/* End XCConfigurationList section */
	};
	rootObject = 089C1669FE841209C02AAC07 /* Project object */;
}
